// !$*UTF8*$!
{
	archiveVersion = 1;
	classes = {
	};
	objectVersion = 46;
	objects = {

/* Begin PBXBuildFile section */
		00DB28DE1AE0ED6D0092993B /* main.m in Sources */ = {isa = PBXBuildFile; fileRef = 00DB28DD1AE0ED6D0092993B /* main.m */; };
		00DB28E11AE0ED6D0092993B /* AppDelegate.m in Sources */ = {isa = PBXBuildFile; fileRef = 00DB28E01AE0ED6D0092993B /* AppDelegate.m */; };
		00DB28E41AE0ED6D0092993B /* ViewController.m in Sources */ = {isa = PBXBuildFile; fileRef = 00DB28E31AE0ED6D0092993B /* ViewController.m */; };
		00DB28E71AE0ED6D0092993B /* Main.storyboard in Resources */ = {isa = PBXBuildFile; fileRef = 00DB28E51AE0ED6D0092993B /* Main.storyboard */; };
		00DB28E91AE0ED6D0092993B /* Images.xcassets in Resources */ = {isa = PBXBuildFile; fileRef = 00DB28E81AE0ED6D0092993B /* Images.xcassets */; };
		00DB28EC1AE0ED6D0092993B /* LaunchScreen.xib in Resources */ = {isa = PBXBuildFile; fileRef = 00DB28EA1AE0ED6D0092993B /* LaunchScreen.xib */; };
		00DB28F81AE0ED6D0092993B /* TimeOff_MobileTests.m in Sources */ = {isa = PBXBuildFile; fileRef = 00DB28F71AE0ED6D0092993B /* TimeOff_MobileTests.m */; };
		00DB29031AE0EF9A0092993B /* EmployeeViewController.m in Sources */ = {isa = PBXBuildFile; fileRef = 00DB29021AE0EF9A0092993B /* EmployeeViewController.m */; };
		00DB29051AE0F0BD0092993B /* EmployeeReport.sqlite in Resources */ = {isa = PBXBuildFile; fileRef = 00DB29041AE0F0BD0092993B /* EmployeeReport.sqlite */; };
		00DB29071AE0F1180092993B /* libsqlite3.dylib in Frameworks */ = {isa = PBXBuildFile; fileRef = 00DB29061AE0F1180092993B /* libsqlite3.dylib */; };
		00DB290A1AE120100092993B /* NIDropDown.m in Sources */ = {isa = PBXBuildFile; fileRef = 00DB29091AE120100092993B /* NIDropDown.m */; };
		00DB290C1AE133310092993B /* login.sqlite in Resources */ = {isa = PBXBuildFile; fileRef = 00DB290B1AE133310092993B /* login.sqlite */; };
		00DB290E1AE13E270092993B /* MessageUI.framework in Frameworks */ = {isa = PBXBuildFile; fileRef = 00DB290D1AE13E270092993B /* MessageUI.framework */; };
		00DB29101AE13FA60092993B /* EmployeeReport.html in Resources */ = {isa = PBXBuildFile; fileRef = 00DB290F1AE13FA60092993B /* EmployeeReport.html */; };
		3AEC8F061AE174C00082ABA3 /* down.png in Resources */ = {isa = PBXBuildFile; fileRef = 3AEC8F041AE174C00082ABA3 /* down.png */; };
		3AEC8F071AE174C00082ABA3 /* upone.png in Resources */ = {isa = PBXBuildFile; fileRef = 3AEC8F051AE174C00082ABA3 /* upone.png */; };
		3AEC8F0A1AE1A7310082ABA3 /* IHKeyboardAvoiding.m in Sources */ = {isa = PBXBuildFile; fileRef = 3AEC8F091AE1A7310082ABA3 /* IHKeyboardAvoiding.m */; };
/* End PBXBuildFile section */

/* Begin PBXContainerItemProxy section */
		00DB28F21AE0ED6D0092993B /* PBXContainerItemProxy */ = {
			isa = PBXContainerItemProxy;
			containerPortal = 00DB28D01AE0ED6C0092993B /* Project object */;
			proxyType = 1;
			remoteGlobalIDString = 00DB28D71AE0ED6C0092993B;
			remoteInfo = "TimeOff Mobile";
		};
/* End PBXContainerItemProxy section */

/* Begin PBXFileReference section */
		00DB28D81AE0ED6D0092993B /* TimeOff Mobile.app */ = {isa = PBXFileReference; explicitFileType = wrapper.application; includeInIndex = 0; path = "TimeOff Mobile.app"; sourceTree = BUILT_PRODUCTS_DIR; };
		00DB28DC1AE0ED6D0092993B /* Info.plist */ = {isa = PBXFileReference; lastKnownFileType = text.plist.xml; path = Info.plist; sourceTree = "<group>"; };
		00DB28DD1AE0ED6D0092993B /* main.m */ = {isa = PBXFileReference; lastKnownFileType = sourcecode.c.objc; path = main.m; sourceTree = "<group>"; };
		00DB28DF1AE0ED6D0092993B /* AppDelegate.h */ = {isa = PBXFileReference; lastKnownFileType = sourcecode.c.h; path = AppDelegate.h; sourceTree = "<group>"; };
		00DB28E01AE0ED6D0092993B /* AppDelegate.m */ = {isa = PBXFileReference; lastKnownFileType = sourcecode.c.objc; path = AppDelegate.m; sourceTree = "<group>"; };
		00DB28E21AE0ED6D0092993B /* ViewController.h */ = {isa = PBXFileReference; lastKnownFileType = sourcecode.c.h; path = ViewController.h; sourceTree = "<group>"; };
		00DB28E31AE0ED6D0092993B /* ViewController.m */ = {isa = PBXFileReference; lastKnownFileType = sourcecode.c.objc; path = ViewController.m; sourceTree = "<group>"; };
		00DB28E61AE0ED6D0092993B /* Base */ = {isa = PBXFileReference; lastKnownFileType = file.storyboard; name = Base; path = Base.lproj/Main.storyboard; sourceTree = "<group>"; };
		00DB28E81AE0ED6D0092993B /* Images.xcassets */ = {isa = PBXFileReference; lastKnownFileType = folder.assetcatalog; path = Images.xcassets; sourceTree = "<group>"; };
		00DB28EB1AE0ED6D0092993B /* Base */ = {isa = PBXFileReference; lastKnownFileType = file.xib; name = Base; path = Base.lproj/LaunchScreen.xib; sourceTree = "<group>"; };
		00DB28F11AE0ED6D0092993B /* TimeOff MobileTests.xctest */ = {isa = PBXFileReference; explicitFileType = wrapper.cfbundle; includeInIndex = 0; path = "TimeOff MobileTests.xctest"; sourceTree = BUILT_PRODUCTS_DIR; };
		00DB28F61AE0ED6D0092993B /* Info.plist */ = {isa = PBXFileReference; lastKnownFileType = text.plist.xml; path = Info.plist; sourceTree = "<group>"; };
		00DB28F71AE0ED6D0092993B /* TimeOff_MobileTests.m */ = {isa = PBXFileReference; lastKnownFileType = sourcecode.c.objc; path = TimeOff_MobileTests.m; sourceTree = "<group>"; };
		00DB29011AE0EF9A0092993B /* EmployeeViewController.h */ = {isa = PBXFileReference; fileEncoding = 4; lastKnownFileType = sourcecode.c.h; path = EmployeeViewController.h; sourceTree = "<group>"; };
		00DB29021AE0EF9A0092993B /* EmployeeViewController.m */ = {isa = PBXFileReference; fileEncoding = 4; lastKnownFileType = sourcecode.c.objc; path = EmployeeViewController.m; sourceTree = "<group>"; };
		00DB29041AE0F0BD0092993B /* EmployeeReport.sqlite */ = {isa = PBXFileReference; lastKnownFileType = file; path = EmployeeReport.sqlite; sourceTree = "<group>"; };
		00DB29061AE0F1180092993B /* libsqlite3.dylib */ = {isa = PBXFileReference; lastKnownFileType = "compiled.mach-o.dylib"; name = libsqlite3.dylib; path = usr/lib/libsqlite3.dylib; sourceTree = SDKROOT; };
		00DB29081AE120100092993B /* NIDropDown.h */ = {isa = PBXFileReference; fileEncoding = 4; lastKnownFileType = sourcecode.c.h; path = NIDropDown.h; sourceTree = "<group>"; };
		00DB29091AE120100092993B /* NIDropDown.m */ = {isa = PBXFileReference; fileEncoding = 4; lastKnownFileType = sourcecode.c.objc; path = NIDropDown.m; sourceTree = "<group>"; };
		00DB290B1AE133310092993B /* login.sqlite */ = {isa = PBXFileReference; lastKnownFileType = file; path = login.sqlite; sourceTree = "<group>"; };
		00DB290D1AE13E270092993B /* MessageUI.framework */ = {isa = PBXFileReference; lastKnownFileType = wrapper.framework; name = MessageUI.framework; path = System/Library/Frameworks/MessageUI.framework; sourceTree = SDKROOT; };
		00DB290F1AE13FA60092993B /* EmployeeReport.html */ = {isa = PBXFileReference; fileEncoding = 4; lastKnownFileType = text.html; path = EmployeeReport.html; sourceTree = "<group>"; };
		3AEC8F041AE174C00082ABA3 /* down.png */ = {isa = PBXFileReference; lastKnownFileType = image.png; path = down.png; sourceTree = "<group>"; };
		3AEC8F051AE174C00082ABA3 /* upone.png */ = {isa = PBXFileReference; lastKnownFileType = image.png; path = upone.png; sourceTree = "<group>"; };
		3AEC8F081AE1A7310082ABA3 /* IHKeyboardAvoiding.h */ = {isa = PBXFileReference; fileEncoding = 4; lastKnownFileType = sourcecode.c.h; path = IHKeyboardAvoiding.h; sourceTree = "<group>"; };
		3AEC8F091AE1A7310082ABA3 /* IHKeyboardAvoiding.m */ = {isa = PBXFileReference; fileEncoding = 4; lastKnownFileType = sourcecode.c.objc; path = IHKeyboardAvoiding.m; sourceTree = "<group>"; };
/* End PBXFileReference section */

/* Begin PBXFrameworksBuildPhase section */
		00DB28D51AE0ED6C0092993B /* Frameworks */ = {
			isa = PBXFrameworksBuildPhase;
			buildActionMask = 2147483647;
			files = (
				00DB290E1AE13E270092993B /* MessageUI.framework in Frameworks */,
				00DB29071AE0F1180092993B /* libsqlite3.dylib in Frameworks */,
			);
			runOnlyForDeploymentPostprocessing = 0;
		};
		00DB28EE1AE0ED6D0092993B /* Frameworks */ = {
			isa = PBXFrameworksBuildPhase;
			buildActionMask = 2147483647;
			files = (
			);
			runOnlyForDeploymentPostprocessing = 0;
		};
/* End PBXFrameworksBuildPhase section */

/* Begin PBXGroup section */
		00DB28CF1AE0ED6C0092993B = {
			isa = PBXGroup;
			children = (
				3AEC8F0B1AE1A7390082ABA3 /* keyboard */,
				3AEC8F041AE174C00082ABA3 /* down.png */,
				3AEC8F051AE174C00082ABA3 /* upone.png */,
				00DB290D1AE13E270092993B /* MessageUI.framework */,
				00DB29061AE0F1180092993B /* libsqlite3.dylib */,
				00DB28DA1AE0ED6D0092993B /* TimeOff Mobile */,
				00DB28F41AE0ED6D0092993B /* TimeOff MobileTests */,
				00DB28D91AE0ED6D0092993B /* Products */,
			);
			sourceTree = "<group>";
		};
		00DB28D91AE0ED6D0092993B /* Products */ = {
			isa = PBXGroup;
			children = (
				00DB28D81AE0ED6D0092993B /* TimeOff Mobile.app */,
				00DB28F11AE0ED6D0092993B /* TimeOff MobileTests.xctest */,
			);
			name = Products;
			sourceTree = "<group>";
		};
		00DB28DA1AE0ED6D0092993B /* TimeOff Mobile */ = {
			isa = PBXGroup;
			children = (
				00DB28DF1AE0ED6D0092993B /* AppDelegate.h */,
				00DB28E01AE0ED6D0092993B /* AppDelegate.m */,
				00DB28E21AE0ED6D0092993B /* ViewController.h */,
				00DB28E31AE0ED6D0092993B /* ViewController.m */,
				00DB29011AE0EF9A0092993B /* EmployeeViewController.h */,
				00DB29021AE0EF9A0092993B /* EmployeeViewController.m */,
				00DB290B1AE133310092993B /* login.sqlite */,
				00DB290F1AE13FA60092993B /* EmployeeReport.html */,
				00DB28E51AE0ED6D0092993B /* Main.storyboard */,
				00DB29081AE120100092993B /* NIDropDown.h */,
				00DB29091AE120100092993B /* NIDropDown.m */,
				00DB29041AE0F0BD0092993B /* EmployeeReport.sqlite */,
				00DB28E81AE0ED6D0092993B /* Images.xcassets */,
				00DB28EA1AE0ED6D0092993B /* LaunchScreen.xib */,
				00DB28DB1AE0ED6D0092993B /* Supporting Files */,
			);
			path = "TimeOff Mobile";
			sourceTree = "<group>";
		};
		00DB28DB1AE0ED6D0092993B /* Supporting Files */ = {
			isa = PBXGroup;
			children = (
				00DB28DC1AE0ED6D0092993B /* Info.plist */,
				00DB28DD1AE0ED6D0092993B /* main.m */,
			);
			name = "Supporting Files";
			sourceTree = "<group>";
		};
		00DB28F41AE0ED6D0092993B /* TimeOff MobileTests */ = {
			isa = PBXGroup;
			children = (
				00DB28F71AE0ED6D0092993B /* TimeOff_MobileTests.m */,
				00DB28F51AE0ED6D0092993B /* Supporting Files */,
			);
			path = "TimeOff MobileTests";
			sourceTree = "<group>";
		};
		00DB28F51AE0ED6D0092993B /* Supporting Files */ = {
			isa = PBXGroup;
			children = (
				00DB28F61AE0ED6D0092993B /* Info.plist */,
			);
			name = "Supporting Files";
			sourceTree = "<group>";
		};
		3AEC8F0B1AE1A7390082ABA3 /* keyboard */ = {
			isa = PBXGroup;
			children = (
				3AEC8F081AE1A7310082ABA3 /* IHKeyboardAvoiding.h */,
				3AEC8F091AE1A7310082ABA3 /* IHKeyboardAvoiding.m */,
			);
			name = keyboard;
			sourceTree = "<group>";
		};
/* End PBXGroup section */

/* Begin PBXNativeTarget section */
		00DB28D71AE0ED6C0092993B /* TimeOff Mobile */ = {
			isa = PBXNativeTarget;
			buildConfigurationList = 00DB28FB1AE0ED6E0092993B /* Build configuration list for PBXNativeTarget "TimeOff Mobile" */;
			buildPhases = (
				00DB28D41AE0ED6C0092993B /* Sources */,
				00DB28D51AE0ED6C0092993B /* Frameworks */,
				00DB28D61AE0ED6C0092993B /* Resources */,
			);
			buildRules = (
			);
			dependencies = (
			);
			name = "TimeOff Mobile";
			productName = "TimeOff Mobile";
			productReference = 00DB28D81AE0ED6D0092993B /* TimeOff Mobile.app */;
			productType = "com.apple.product-type.application";
		};
		00DB28F01AE0ED6D0092993B /* TimeOff MobileTests */ = {
			isa = PBXNativeTarget;
			buildConfigurationList = 00DB28FE1AE0ED6E0092993B /* Build configuration list for PBXNativeTarget "TimeOff MobileTests" */;
			buildPhases = (
				00DB28ED1AE0ED6D0092993B /* Sources */,
				00DB28EE1AE0ED6D0092993B /* Frameworks */,
				00DB28EF1AE0ED6D0092993B /* Resources */,
			);
			buildRules = (
			);
			dependencies = (
				00DB28F31AE0ED6D0092993B /* PBXTargetDependency */,
			);
			name = "TimeOff MobileTests";
			productName = "TimeOff MobileTests";
			productReference = 00DB28F11AE0ED6D0092993B /* TimeOff MobileTests.xctest */;
			productType = "com.apple.product-type.bundle.unit-test";
		};
/* End PBXNativeTarget section */

/* Begin PBXProject section */
		00DB28D01AE0ED6C0092993B /* Project object */ = {
			isa = PBXProject;
			attributes = {
				LastUpgradeCheck = 0610;
				ORGANIZATIONNAME = "Subramani B R";
				TargetAttributes = {
					00DB28D71AE0ED6C0092993B = {
						CreatedOnToolsVersion = 6.1;
					};
					00DB28F01AE0ED6D0092993B = {
						CreatedOnToolsVersion = 6.1;
						TestTargetID = 00DB28D71AE0ED6C0092993B;
					};
				};
			};
			buildConfigurationList = 00DB28D31AE0ED6C0092993B /* Build configuration list for PBXProject "TimeOff Mobile" */;
			compatibilityVersion = "Xcode 3.2";
			developmentRegion = English;
			hasScannedForEncodings = 0;
			knownRegions = (
				en,
				Base,
			);
			mainGroup = 00DB28CF1AE0ED6C0092993B;
			productRefGroup = 00DB28D91AE0ED6D0092993B /* Products */;
			projectDirPath = "";
			projectRoot = "";
			targets = (
				00DB28D71AE0ED6C0092993B /* TimeOff Mobile */,
				00DB28F01AE0ED6D0092993B /* TimeOff MobileTests */,
			);
		};
/* End PBXProject section */

/* Begin PBXResourcesBuildPhase section */
		00DB28D61AE0ED6C0092993B /* Resources */ = {
			isa = PBXResourcesBuildPhase;
			buildActionMask = 2147483647;
			files = (
				00DB28E71AE0ED6D0092993B /* Main.storyboard in Resources */,
				00DB29051AE0F0BD0092993B /* EmployeeReport.sqlite in Resources */,
				3AEC8F061AE174C00082ABA3 /* down.png in Resources */,
				3AEC8F071AE174C00082ABA3 /* upone.png in Resources */,
				00DB290C1AE133310092993B /* login.sqlite in Resources */,
				00DB28EC1AE0ED6D0092993B /* LaunchScreen.xib in Resources */,
				00DB28E91AE0ED6D0092993B /* Images.xcassets in Resources */,
				00DB29101AE13FA60092993B /* EmployeeReport.html in Resources */,
			);
			runOnlyForDeploymentPostprocessing = 0;
		};
		00DB28EF1AE0ED6D0092993B /* Resources */ = {
			isa = PBXResourcesBuildPhase;
			buildActionMask = 2147483647;
			files = (
			);
			runOnlyForDeploymentPostprocessing = 0;
		};
/* End PBXResourcesBuildPhase section */

/* Begin PBXSourcesBuildPhase section */
		00DB28D41AE0ED6C0092993B /* Sources */ = {
			isa = PBXSourcesBuildPhase;
			buildActionMask = 2147483647;
			files = (
				3AEC8F0A1AE1A7310082ABA3 /* IHKeyboardAvoiding.m in Sources */,
				00DB28E41AE0ED6D0092993B /* ViewController.m in Sources */,
				00DB28E11AE0ED6D0092993B /* AppDelegate.m in Sources */,
				00DB290A1AE120100092993B /* NIDropDown.m in Sources */,
				00DB29031AE0EF9A0092993B /* EmployeeViewController.m in Sources */,
				00DB28DE1AE0ED6D0092993B /* main.m in Sources */,
			);
			runOnlyForDeploymentPostprocessing = 0;
		};
		00DB28ED1AE0ED6D0092993B /* Sources */ = {
			isa = PBXSourcesBuildPhase;
			buildActionMask = 2147483647;
			files = (
				00DB28F81AE0ED6D0092993B /* TimeOff_MobileTests.m in Sources */,
			);
			runOnlyForDeploymentPostprocessing = 0;
		};
/* End PBXSourcesBuildPhase section */

/* Begin PBXTargetDependency section */
		00DB28F31AE0ED6D0092993B /* PBXTargetDependency */ = {
			isa = PBXTargetDependency;
			target = 00DB28D71AE0ED6C0092993B /* TimeOff Mobile */;
			targetProxy = 00DB28F21AE0ED6D0092993B /* PBXContainerItemProxy */;
		};
/* End PBXTargetDependency section */

/* Begin PBXVariantGroup section */
		00DB28E51AE0ED6D0092993B /* Main.storyboard */ = {
			isa = PBXVariantGroup;
			children = (
				00DB28E61AE0ED6D0092993B /* Base */,
			);
			name = Main.storyboard;
			sourceTree = "<group>";
		};
		00DB28EA1AE0ED6D0092993B /* LaunchScreen.xib */ = {
			isa = PBXVariantGroup;
			children = (
				00DB28EB1AE0ED6D0092993B /* Base */,
			);
			name = LaunchScreen.xib;
			sourceTree = "<group>";
		};
/* End PBXVariantGroup section */

/* Begin XCBuildConfiguration section */
		00DB28F91AE0ED6D0092993B /* Debug */ = {
			isa = XCBuildConfiguration;
			buildSettings = {
				ALWAYS_SEARCH_USER_PATHS = NO;
				CLANG_CXX_LANGUAGE_STANDARD = "gnu++0x";
				CLANG_CXX_LIBRARY = "libc++";
				CLANG_ENABLE_MODULES = YES;
				CLANG_ENABLE_OBJC_ARC = YES;
				CLANG_WARN_BOOL_CONVERSION = YES;
				CLANG_WARN_CONSTANT_CONVERSION = YES;
				CLANG_WARN_DIRECT_OBJC_ISA_USAGE = YES_ERROR;
				CLANG_WARN_EMPTY_BODY = YES;
				CLANG_WARN_ENUM_CONVERSION = YES;
				CLANG_WARN_INT_CONVERSION = YES;
				CLANG_WARN_OBJC_ROOT_CLASS = YES_ERROR;
				CLANG_WARN_UNREACHABLE_CODE = YES;
				CLANG_WARN__DUPLICATE_METHOD_MATCH = YES;
				"CODE_SIGN_IDENTITY[sdk=iphoneos*]" = "iPhone Developer";
				COPY_PHASE_STRIP = NO;
				ENABLE_STRICT_OBJC_MSGSEND = YES;
				GCC_C_LANGUAGE_STANDARD = gnu99;
				GCC_DYNAMIC_NO_PIC = NO;
				GCC_OPTIMIZATION_LEVEL = 0;
				GCC_PREPROCESSOR_DEFINITIONS = (
					"DEBUG=1",
					"$(inherited)",
				);
				GCC_SYMBOLS_PRIVATE_EXTERN = NO;
				GCC_WARN_64_TO_32_BIT_CONVERSION = YES;
				GCC_WARN_ABOUT_RETURN_TYPE = YES_ERROR;
				GCC_WARN_UNDECLARED_SELECTOR = YES;
				GCC_WARN_UNINITIALIZED_AUTOS = YES_AGGRESSIVE;
				GCC_WARN_UNUSED_FUNCTION = YES;
				GCC_WARN_UNUSED_VARIABLE = YES;
				IPHONEOS_DEPLOYMENT_TARGET = 8.1;
				MTL_ENABLE_DEBUG_INFO = YES;
				ONLY_ACTIVE_ARCH = YES;
				SDKROOT = iphoneos;
			};
			name = Debug;
		};
		00DB28FA1AE0ED6D0092993B /* Release */ = {
			isa = XCBuildConfiguration;
			buildSettings = {
				ALWAYS_SEARCH_USER_PATHS = NO;
				CLANG_CXX_LANGUAGE_STANDARD = "gnu++0x";
				CLANG_CXX_LIBRARY = "libc++";
				CLANG_ENABLE_MODULES = YES;
				CLANG_ENABLE_OBJC_ARC = YES;
				CLANG_WARN_BOOL_CONVERSION = YES;
				CLANG_WARN_CONSTANT_CONVERSION = YES;
				CLANG_WARN_DIRECT_OBJC_ISA_USAGE = YES_ERROR;
				CLANG_WARN_EMPTY_BODY = YES;
				CLANG_WARN_ENUM_CONVERSION = YES;
				CLANG_WARN_INT_CONVERSION = YES;
				CLANG_WARN_OBJC_ROOT_CLASS = YES_ERROR;
				CLANG_WARN_UNREACHABLE_CODE = YES;
				CLANG_WARN__DUPLICATE_METHOD_MATCH = YES;
				"CODE_SIGN_IDENTITY[sdk=iphoneos*]" = "iPhone Developer";
				COPY_PHASE_STRIP = YES;
				ENABLE_NS_ASSERTIONS = NO;
				ENABLE_STRICT_OBJC_MSGSEND = YES;
				GCC_C_LANGUAGE_STANDARD = gnu99;
				GCC_WARN_64_TO_32_BIT_CONVERSION = YES;
				GCC_WARN_ABOUT_RETURN_TYPE = YES_ERROR;
				GCC_WARN_UNDECLARED_SELECTOR = YES;
				GCC_WARN_UNINITIALIZED_AUTOS = YES_AGGRESSIVE;
				GCC_WARN_UNUSED_FUNCTION = YES;
				GCC_WARN_UNUSED_VARIABLE = YES;
				IPHONEOS_DEPLOYMENT_TARGET = 8.1;
				MTL_ENABLE_DEBUG_INFO = NO;
				SDKROOT = iphoneos;
				VALIDATE_PRODUCT = YES;
			};
			name = Release;
		};
		00DB28FC1AE0ED6E0092993B /* Debug */ = {
			isa = XCBuildConfiguration;
			buildSettings = {
				ASSETCATALOG_COMPILER_APPICON_NAME = AppIcon;
				INFOPLIST_FILE = "TimeOff Mobile/Info.plist";
				LD_RUNPATH_SEARCH_PATHS = "$(inherited) @executable_path/Frameworks";
				PRODUCT_NAME = "$(TARGET_NAME)";
			};
			name = Debug;
		};
		00DB28FD1AE0ED6E0092993B /* Release */ = {
			isa = XCBuildConfiguration;
			buildSettings = {
				ASSETCATALOG_COMPILER_APPICON_NAME = AppIcon;
				INFOPLIST_FILE = "TimeOff Mobile/Info.plist";
				LD_RUNPATH_SEARCH_PATHS = "$(inherited) @executable_path/Frameworks";
				PRODUCT_NAME = "$(TARGET_NAME)";
			};
			name = Release;
		};
		00DB28FF1AE0ED6E0092993B /* Debug */ = {
			isa = XCBuildConfiguration;
			buildSettings = {
				BUNDLE_LOADER = "$(TEST_HOST)";
				FRAMEWORK_SEARCH_PATHS = (
					"$(SDKROOT)/Developer/Library/Frameworks",
					"$(inherited)",
				);
				GCC_PREPROCESSOR_DEFINITIONS = (
					"DEBUG=1",
					"$(inherited)",
				);
				INFOPLIST_FILE = "TimeOff MobileTests/Info.plist";
				LD_RUNPATH_SEARCH_PATHS = "$(inherited) @executable_path/Frameworks @loader_path/Frameworks";
				PRODUCT_NAME = "$(TARGET_NAME)";
				TEST_HOST = "$(BUILT_PRODUCTS_DIR)/TimeOff Mobile.app/TimeOff Mobile";
			};
			name = Debug;
		};
		00DB29001AE0ED6E0092993B /* Release */ = {
			isa = XCBuildConfiguration;
			buildSettings = {
				BUNDLE_LOADER = "$(TEST_HOST)";
				FRAMEWORK_SEARCH_PATHS = (
					"$(SDKROOT)/Developer/Library/Frameworks",
					"$(inherited)",
				);
				INFOPLIST_FILE = "TimeOff MobileTests/Info.plist";
				LD_RUNPATH_SEARCH_PATHS = "$(inherited) @executable_path/Frameworks @loader_path/Frameworks";
				PRODUCT_NAME = "$(TARGET_NAME)";
				TEST_HOST = "$(BUILT_PRODUCTS_DIR)/TimeOff Mobile.app/TimeOff Mobile";
			};
			name = Release;
		};
/* End XCBuildConfiguration section */

/* Begin XCConfigurationList section */
		00DB28D31AE0ED6C0092993B /* Build configuration list for PBXProject "TimeOff Mobile" */ = {
			isa = XCConfigurationList;
			buildConfigurations = (
				00DB28F91AE0ED6D0092993B /* Debug */,
				00DB28FA1AE0ED6D0092993B /* Release */,
			);
			defaultConfigurationIsVisible = 0;
			defaultConfigurationName = Release;
		};
		00DB28FB1AE0ED6E0092993B /* Build configuration list for PBXNativeTarget "TimeOff Mobile" */ = {
			isa = XCConfigurationList;
			buildConfigurations = (
				00DB28FC1AE0ED6E0092993B /* Debug */,
				00DB28FD1AE0ED6E0092993B /* Release */,
			);
			defaultConfigurationIsVisible = 0;
			defaultConfigurationName = Release;
		};
		00DB28FE1AE0ED6E0092993B /* Build configuration list for PBXNativeTarget "TimeOff MobileTests" */ = {
			isa = XCConfigurationList;
			buildConfigurations = (
				00DB28FF1AE0ED6E0092993B /* Debug */,
				00DB29001AE0ED6E0092993B /* Release */,
			);
			defaultConfigurationIsVisible = 0;
			defaultConfigurationName = Release;
		};
/* End XCConfigurationList section */
	};
	rootObject = 00DB28D01AE0ED6C0092993B /* Project object */;
}
